
Microsoft Visual Studio Solution File, Format Version 12.00
# Visual Studio Version 17
VisualStudioVersion = 17.8.34316.72
MinimumVisualStudioVersion = 10.0.40219.1
Project("{8BC9CEB8-8B4A-11D0-8D11-00A0C91BC942}") = "ImageProcessing", "ImageProcessing\ImageProcessing.vcxproj", "{8F4FEF9F-946D-490C-8CD7-8F3C10A3CB94}"
EndProject
Project("{8BC9CEB8-8B4A-11D0-8D11-00A0C91BC942}") = "Test", "Test\Test.vcxproj", "{C603B550-4720-4066-8B00-1C243F27DB96}"
EndProject
Project("{8BC9CEB8-8B4A-11D0-8D11-00A0C91BC942}") = "Execution", "Execution\Execution.vcxproj", "{BADEE33F-F5EF-46AF-A454-1ED36306B715}"
EndProject
Global
	GlobalSection(SolutionConfigurationPlatforms) = preSolution
		Debug|x64 = Debug|x64
		Debug|x86 = Debug|x86
		Release|x64 = Release|x64
		Release|x86 = Release|x86
	EndGlobalSection
	GlobalSection(ProjectConfigurationPlatforms) = postSolution
		{8F4FEF9F-946D-490C-8CD7-8F3C10A3CB94}.Debug|x64.ActiveCfg = Debug|x64
		{8F4FEF9F-946D-490C-8CD7-8F3C10A3CB94}.Debug|x64.Build.0 = Debug|x64
		{8F4FEF9F-946D-490C-8CD7-8F3C10A3CB94}.Debug|x86.ActiveCfg = Debug|Win32
		{8F4FEF9F-946D-490C-8CD7-8F3C10A3CB94}.Debug|x86.Build.0 = Debug|Win32
		{8F4FEF9F-946D-490C-8CD7-8F3C10A3CB94}.Release|x64.ActiveCfg = Release|x64
		{8F4FEF9F-946D-490C-8CD7-8F3C10A3CB94}.Release|x64.Build.0 = Release|x64
		{8F4FEF9F-946D-490C-8CD7-8F3C10A3CB94}.Release|x86.ActiveCfg = Release|Win32
		{8F4FEF9F-946D-490C-8CD7-8F3C10A3CB94}.Release|x86.Build.0 = Release|Win32
		{C603B550-4720-4066-8B00-1C243F27DB96}.Debug|x64.ActiveCfg = Debug|x64
		{C603B550-4720-4066-8B00-1C243F27DB96}.Debug|x64.Build.0 = Debug|x64
		{C603B550-4720-4066-8B00-1C243F27DB96}.Debug|x86.ActiveCfg = Debug|Win32
		{C603B550-4720-4066-8B00-1C243F27DB96}.Debug|x86.Build.0 = Debug|Win32
		{C603B550-4720-4066-8B00-1C243F27DB96}.Release|x64.ActiveCfg = Release|x64
		{C603B550-4720-4066-8B00-1C243F27DB96}.Release|x64.Build.0 = Release|x64
		{C603B550-4720-4066-8B00-1C243F27DB96}.Release|x86.ActiveCfg = Release|Win32
		{C603B550-4720-4066-8B00-1C243F27DB96}.Release|x86.Build.0 = Release|Win32
		{BADEE33F-F5EF-46AF-A454-1ED36306B715}.Debug|x64.ActiveCfg = Debug|x64
		{BADEE33F-F5EF-46AF-A454-1ED36306B715}.Debug|x64.Build.0 = Debug|x64
		{BADEE33F-F5EF-46AF-A454-1ED36306B715}.Debug|x86.ActiveCfg = Debug|Win32
		{BADEE33F-F5EF-46AF-A454-1ED36306B715}.Debug|x86.Build.0 = Debug|Win32
		{BADEE33F-F5EF-46AF-A454-1ED36306B715}.Release|x64.ActiveCfg = Release|x64
		{BADEE33F-F5EF-46AF-A454-1ED36306B715}.Release|x64.Build.0 = Release|x64
		{BADEE33F-F5EF-46AF-A454-1ED36306B715}.Release|x86.ActiveCfg = Release|Win32
		{BADEE33F-F5EF-46AF-A454-1ED36306B715}.Release|x86.Build.0 = Release|Win32
	EndGlobalSection
	GlobalSection(SolutionProperties) = preSolution
		HideSolutionNode = FALSE
	EndGlobalSection
	GlobalSection(ExtensibilityGlobals) = postSolution
		SolutionGuid = {B7E0B4EB-7904-4CB9-9D90-C9908A0747D7}
	EndGlobalSection
EndGlobal
