<?xml version="1.0" encoding="utf-8"?>
<Project ToolsVersion="4.0" xmlns="http://schemas.microsoft.com/developer/msbuild/2003">
  <ItemGroup>
    <Filter Include="Исходные файлы">
      <UniqueIdentifier>{4FC737F1-C7A5-4376-A066-2A32D752A2FF}</UniqueIdentifier>
      <Extensions>cpp;c;cc;cxx;c++;cppm;ixx;def;odl;idl;hpj;bat;asm;asmx</Extensions>
    </Filter>
    <Filter Include="Strategies">
      <UniqueIdentifier>{d073946e-2d5b-4193-a46d-809a420d50ee}</UniqueIdentifier>
    </Filter>
    <Filter Include="Context">
      <UniqueIdentifier>{a25f70fe-9020-49a0-b201-4d27cb7459aa}</UniqueIdentifier>
    </Filter>
    <Filter Include="Exceptions">
      <UniqueIdentifier>{4cb95dfa-9a4b-43ff-b93f-e1e4ac982107}</UniqueIdentifier>
    </Filter>
    <Filter Include="ThreadPool">
      <UniqueIdentifier>{b4ab634c-2dd4-48d5-a722-2149f995dac2}</UniqueIdentifier>
    </Filter>
  </ItemGroup>
  <ItemGroup>
    <ClCompile Include="main.cpp">
      <Filter>Исходные файлы</Filter>
    </ClCompile>
    <ClCompile Include="ImageProcessing.cpp">
      <Filter>Context</Filter>
    </ClCompile>
    <ClCompile Include="InvertColors.cpp">
      <Filter>Strategies</Filter>
    </ClCompile>
    <ClCompile Include="ThreadPool.hpp">
      <Filter>ThreadPool</Filter>
    </ClCompile>
  </ItemGroup>
  <ItemGroup>
    <ClInclude Include="my_exceptions.hpp">
      <Filter>Exceptions</Filter>
    </ClInclude>
    <ClInclude Include="ImageProcessing.hpp">
      <Filter>Context</Filter>
    </ClInclude>
    <ClInclude Include="Effect.hpp">
      <Filter>Strategies</Filter>
    </ClInclude>
    <ClInclude Include="InvertColors.hpp">
      <Filter>Strategies</Filter>
    </ClInclude>
  </ItemGroup>
</Project>